# Code generated by scarb DO NOT EDIT.
version = 1

[[package]]
name = "snforge_scarb_plugin_deprecated"
version = "0.54.0"
source = "registry+https://scarbs.xyz/"
checksum = "sha256:a3a10419a425a85efeb7f0c3e267bab934eeeb177b74adf7814ab07bbaaadfd5"

[[package]]
name = "snforge_std_deprecated"
version = "0.54.0"
source = "registry+https://scarbs.xyz/"
checksum = "sha256:0d00434676260cddbfcd220160fe98422d70dd3c9b7dfc3a7947df7dd8a544b8"
dependencies = [
 "snforge_scarb_plugin_deprecated",
]

[[package]]
name = "zentro"
version = "0.1.0"
dependencies = [
 "snforge_std_deprecated",
]
